// !$*UTF8*$!
{
	archiveVersion = 1;
	classes = {
	};
	objectVersion = 56;
	objects = {

/* Begin PBXBuildFile section */
		1404BB7B2CA7A35E00B0ECBE /* KeychainManager.swift in Sources */ = {isa = PBXBuildFile; fileRef = 1404BB7A2CA7A35E00B0ECBE /* KeychainManager.swift */; };
		1404BB7D2CA7A48A00B0ECBE /* Store.swift in Sources */ = {isa = PBXBuildFile; fileRef = 1404BB7C2CA7A48A00B0ECBE /* Store.swift */; };
		1404BB802CA7A5A200B0ECBE /* Extensions.swift in Sources */ = {isa = PBXBuildFile; fileRef = 1404BB7F2CA7A5A200B0ECBE /* Extensions.swift */; };
		1404BB832CA7A5C400B0ECBE /* LoginPage.swift in Sources */ = {isa = PBXBuildFile; fileRef = 1404BB822CA7A5C400B0ECBE /* LoginPage.swift */; };
		1404BB852CA7A5CC00B0ECBE /* RegisterPage.swift in Sources */ = {isa = PBXBuildFile; fileRef = 1404BB842CA7A5CC00B0ECBE /* RegisterPage.swift */; };
		1404BB882CA7AD4400B0ECBE /* Base64Image.swift in Sources */ = {isa = PBXBuildFile; fileRef = 1404BB872CA7AD4400B0ECBE /* Base64Image.swift */; };
		1404BB8A2CA7AE4600B0ECBE /* ProfilePic.swift in Sources */ = {isa = PBXBuildFile; fileRef = 1404BB892CA7AE4600B0ECBE /* ProfilePic.swift */; };
		1404BB8D2CA7AEC800B0ECBE /* FeedPage.swift in Sources */ = {isa = PBXBuildFile; fileRef = 1404BB8C2CA7AEC800B0ECBE /* FeedPage.swift */; };
		1404BB902CA7B2E900B0ECBE /* ProfilePage.swift in Sources */ = {isa = PBXBuildFile; fileRef = 1404BB8F2CA7B2E900B0ECBE /* ProfilePage.swift */; };
		1404BB922CA7B37D00B0ECBE /* PostView.swift in Sources */ = {isa = PBXBuildFile; fileRef = 1404BB912CA7B37D00B0ECBE /* PostView.swift */; };
		1404BB942CA7B51600B0ECBE /* LoadableData.swift in Sources */ = {isa = PBXBuildFile; fileRef = 1404BB932CA7B51600B0ECBE /* LoadableData.swift */; };
		1445B1112CA8C7B900824F74 /* SearchPage.swift in Sources */ = {isa = PBXBuildFile; fileRef = 1445B1102CA8C7B900824F74 /* SearchPage.swift */; };
		144975302CA8B0080088B038 /* PostPage.swift in Sources */ = {isa = PBXBuildFile; fileRef = 1449752F2CA8B0080088B038 /* PostPage.swift */; };
		144975322CA8B9630088B038 /* ProfileLinkView.swift in Sources */ = {isa = PBXBuildFile; fileRef = 144975312CA8B9630088B038 /* ProfileLinkView.swift */; };
		14821DC92C6F1108003D478A /* WordCatchingJournalApp.swift in Sources */ = {isa = PBXBuildFile; fileRef = 14821DC82C6F1108003D478A /* WordCatchingJournalApp.swift */; };
		14821DCD2C6F1109003D478A /* Assets.xcassets in Resources */ = {isa = PBXBuildFile; fileRef = 14821DCC2C6F1109003D478A /* Assets.xcassets */; };
		14821DD02C6F1109003D478A /* Preview Assets.xcassets in Resources */ = {isa = PBXBuildFile; fileRef = 14821DCF2C6F1109003D478A /* Preview Assets.xcassets */; };
		149AF9522CA4BA7A003672FF /* HttpClient.swift in Sources */ = {isa = PBXBuildFile; fileRef = 149AF9512CA4BA7A003672FF /* HttpClient.swift */; };
		149AF9542CA4BAAC003672FF /* NetworkManager.swift in Sources */ = {isa = PBXBuildFile; fileRef = 149AF9532CA4BAAC003672FF /* NetworkManager.swift */; };
		149AF9562CA4BB9D003672FF /* Post.swift in Sources */ = {isa = PBXBuildFile; fileRef = 149AF9552CA4BB9D003672FF /* Post.swift */; };
		149AF9582CA4BBA2003672FF /* User.swift in Sources */ = {isa = PBXBuildFile; fileRef = 149AF9572CA4BBA2003672FF /* User.swift */; };
		149AF95A2CA4BBB4003672FF /* DefinitionResponse.swift in Sources */ = {isa = PBXBuildFile; fileRef = 149AF9592CA4BBB3003672FF /* DefinitionResponse.swift */; };
		14AB8A7C2CC4063D00BA7123 /* EditProfilePage.swift in Sources */ = {isa = PBXBuildFile; fileRef = 14AB8A7B2CC4063D00BA7123 /* EditProfilePage.swift */; };
		14AF78372CC466100034DC8E /* ProfileOptionsPage.swift in Sources */ = {isa = PBXBuildFile; fileRef = 14AF78362CC466100034DC8E /* ProfileOptionsPage.swift */; };
		14C2FFD22CC48722000F42C3 /* PostFinalizePage.swift in Sources */ = {isa = PBXBuildFile; fileRef = 14C2FFD12CC48722000F42C3 /* PostFinalizePage.swift */; };
/* End PBXBuildFile section */

/* Begin PBXFileReference section */
		1404BB7A2CA7A35E00B0ECBE /* KeychainManager.swift */ = {isa = PBXFileReference; lastKnownFileType = sourcecode.swift; path = KeychainManager.swift; sourceTree = "<group>"; };
		1404BB7C2CA7A48A00B0ECBE /* Store.swift */ = {isa = PBXFileReference; lastKnownFileType = sourcecode.swift; path = Store.swift; sourceTree = "<group>"; };
		1404BB7F2CA7A5A200B0ECBE /* Extensions.swift */ = {isa = PBXFileReference; lastKnownFileType = sourcecode.swift; path = Extensions.swift; sourceTree = "<group>"; };
		1404BB822CA7A5C400B0ECBE /* LoginPage.swift */ = {isa = PBXFileReference; lastKnownFileType = sourcecode.swift; path = LoginPage.swift; sourceTree = "<group>"; };
		1404BB842CA7A5CC00B0ECBE /* RegisterPage.swift */ = {isa = PBXFileReference; lastKnownFileType = sourcecode.swift; path = RegisterPage.swift; sourceTree = "<group>"; };
		1404BB872CA7AD4400B0ECBE /* Base64Image.swift */ = {isa = PBXFileReference; lastKnownFileType = sourcecode.swift; path = Base64Image.swift; sourceTree = "<group>"; };
		1404BB892CA7AE4600B0ECBE /* ProfilePic.swift */ = {isa = PBXFileReference; lastKnownFileType = sourcecode.swift; path = ProfilePic.swift; sourceTree = "<group>"; };
		1404BB8C2CA7AEC800B0ECBE /* FeedPage.swift */ = {isa = PBXFileReference; lastKnownFileType = sourcecode.swift; path = FeedPage.swift; sourceTree = "<group>"; };
		1404BB8F2CA7B2E900B0ECBE /* ProfilePage.swift */ = {isa = PBXFileReference; lastKnownFileType = sourcecode.swift; path = ProfilePage.swift; sourceTree = "<group>"; };
		1404BB912CA7B37D00B0ECBE /* PostView.swift */ = {isa = PBXFileReference; lastKnownFileType = sourcecode.swift; path = PostView.swift; sourceTree = "<group>"; };
		1404BB932CA7B51600B0ECBE /* LoadableData.swift */ = {isa = PBXFileReference; lastKnownFileType = sourcecode.swift; path = LoadableData.swift; sourceTree = "<group>"; };
		1445B1102CA8C7B900824F74 /* SearchPage.swift */ = {isa = PBXFileReference; lastKnownFileType = sourcecode.swift; path = SearchPage.swift; sourceTree = "<group>"; };
		1449752F2CA8B0080088B038 /* PostPage.swift */ = {isa = PBXFileReference; lastKnownFileType = sourcecode.swift; path = PostPage.swift; sourceTree = "<group>"; };
		144975312CA8B9630088B038 /* ProfileLinkView.swift */ = {isa = PBXFileReference; lastKnownFileType = sourcecode.swift; path = ProfileLinkView.swift; sourceTree = "<group>"; };
		14821DC52C6F1108003D478A /* WordCatchingJournal.app */ = {isa = PBXFileReference; explicitFileType = wrapper.application; includeInIndex = 0; path = WordCatchingJournal.app; sourceTree = BUILT_PRODUCTS_DIR; };
		14821DC82C6F1108003D478A /* WordCatchingJournalApp.swift */ = {isa = PBXFileReference; lastKnownFileType = sourcecode.swift; path = WordCatchingJournalApp.swift; sourceTree = "<group>"; };
		14821DCC2C6F1109003D478A /* Assets.xcassets */ = {isa = PBXFileReference; lastKnownFileType = folder.assetcatalog; path = Assets.xcassets; sourceTree = "<group>"; };
		14821DCF2C6F1109003D478A /* Preview Assets.xcassets */ = {isa = PBXFileReference; lastKnownFileType = folder.assetcatalog; path = "Preview Assets.xcassets"; sourceTree = "<group>"; };
		149AF9512CA4BA7A003672FF /* HttpClient.swift */ = {isa = PBXFileReference; lastKnownFileType = sourcecode.swift; path = HttpClient.swift; sourceTree = "<group>"; };
		149AF9532CA4BAAC003672FF /* NetworkManager.swift */ = {isa = PBXFileReference; lastKnownFileType = sourcecode.swift; path = NetworkManager.swift; sourceTree = "<group>"; };
		149AF9552CA4BB9D003672FF /* Post.swift */ = {isa = PBXFileReference; lastKnownFileType = sourcecode.swift; path = Post.swift; sourceTree = "<group>"; };
		149AF9572CA4BBA2003672FF /* User.swift */ = {isa = PBXFileReference; lastKnownFileType = sourcecode.swift; path = User.swift; sourceTree = "<group>"; };
		149AF9592CA4BBB3003672FF /* DefinitionResponse.swift */ = {isa = PBXFileReference; lastKnownFileType = sourcecode.swift; path = DefinitionResponse.swift; sourceTree = "<group>"; };
		14AB8A7B2CC4063D00BA7123 /* EditProfilePage.swift */ = {isa = PBXFileReference; lastKnownFileType = sourcecode.swift; path = EditProfilePage.swift; sourceTree = "<group>"; };
		14AF78362CC466100034DC8E /* ProfileOptionsPage.swift */ = {isa = PBXFileReference; lastKnownFileType = sourcecode.swift; path = ProfileOptionsPage.swift; sourceTree = "<group>"; };
		14C2FFD12CC48722000F42C3 /* PostFinalizePage.swift */ = {isa = PBXFileReference; lastKnownFileType = sourcecode.swift; path = PostFinalizePage.swift; sourceTree = "<group>"; };
/* End PBXFileReference section */

/* Begin PBXFrameworksBuildPhase section */
		14821DC22C6F1108003D478A /* Frameworks */ = {
			isa = PBXFrameworksBuildPhase;
			buildActionMask = 2147483647;
			files = (
			);
			runOnlyForDeploymentPostprocessing = 0;
		};
/* End PBXFrameworksBuildPhase section */

/* Begin PBXGroup section */
		1404BB7E2CA7A59B00B0ECBE /* Utils */ = {
			isa = PBXGroup;
			children = (
				1404BB7F2CA7A5A200B0ECBE /* Extensions.swift */,
			);
			path = Utils;
			sourceTree = "<group>";
		};
		1404BB812CA7A5B900B0ECBE /* Auth */ = {
			isa = PBXGroup;
			children = (
				1404BB822CA7A5C400B0ECBE /* LoginPage.swift */,
				1404BB842CA7A5CC00B0ECBE /* RegisterPage.swift */,
			);
			path = Auth;
			sourceTree = "<group>";
		};
		1404BB862CA7AD1400B0ECBE /* Components */ = {
			isa = PBXGroup;
			children = (
				1404BB872CA7AD4400B0ECBE /* Base64Image.swift */,
				1404BB892CA7AE4600B0ECBE /* ProfilePic.swift */,
				1404BB912CA7B37D00B0ECBE /* PostView.swift */,
				1404BB932CA7B51600B0ECBE /* LoadableData.swift */,
				144975312CA8B9630088B038 /* ProfileLinkView.swift */,
			);
			path = Components;
			sourceTree = "<group>";
		};
		1404BB8B2CA7AEBE00B0ECBE /* Feed */ = {
			isa = PBXGroup;
			children = (
				1404BB8C2CA7AEC800B0ECBE /* FeedPage.swift */,
			);
			path = Feed;
			sourceTree = "<group>";
		};
		1404BB8E2CA7B2DA00B0ECBE /* Profile */ = {
			isa = PBXGroup;
			children = (
				1404BB8F2CA7B2E900B0ECBE /* ProfilePage.swift */,
				14AB8A7B2CC4063D00BA7123 /* EditProfilePage.swift */,
				14AF78362CC466100034DC8E /* ProfileOptionsPage.swift */,
			);
			path = Profile;
			sourceTree = "<group>";
		};
		14821DBC2C6F1108003D478A = {
			isa = PBXGroup;
			children = (
				14821DC72C6F1108003D478A /* WordCatchingJournal */,
				14821DC62C6F1108003D478A /* Products */,
			);
			sourceTree = "<group>";
		};
		14821DC62C6F1108003D478A /* Products */ = {
			isa = PBXGroup;
			children = (
				14821DC52C6F1108003D478A /* WordCatchingJournal.app */,
			);
			name = Products;
			sourceTree = "<group>";
		};
		14821DC72C6F1108003D478A /* WordCatchingJournal */ = {
			isa = PBXGroup;
			children = (
				1404BB7E2CA7A59B00B0ECBE /* Utils */,
				149AF9502CA4BA70003672FF /* Managers */,
				14821DDD2C6F11C7003D478A /* Models */,
				1404BB862CA7AD1400B0ECBE /* Components */,
				14C1FACA2C6FD046001AA2A2 /* Core */,
				14821DC82C6F1108003D478A /* WordCatchingJournalApp.swift */,
				14821DCC2C6F1109003D478A /* Assets.xcassets */,
				14821DCE2C6F1109003D478A /* Preview Content */,
			);
			path = WordCatchingJournal;
			sourceTree = "<group>";
		};
		14821DCE2C6F1109003D478A /* Preview Content */ = {
			isa = PBXGroup;
			children = (
				14821DCF2C6F1109003D478A /* Preview Assets.xcassets */,
			);
			path = "Preview Content";
			sourceTree = "<group>";
		};
		14821DDD2C6F11C7003D478A /* Models */ = {
			isa = PBXGroup;
			children = (
				149AF9552CA4BB9D003672FF /* Post.swift */,
				149AF9572CA4BBA2003672FF /* User.swift */,
				149AF9592CA4BBB3003672FF /* DefinitionResponse.swift */,
				1404BB7C2CA7A48A00B0ECBE /* Store.swift */,
			);
			path = Models;
			sourceTree = "<group>";
		};
		148459572CA8655E008A2893 /* Post */ = {
			isa = PBXGroup;
			children = (
				1449752F2CA8B0080088B038 /* PostPage.swift */,
				14C2FFD12CC48722000F42C3 /* PostFinalizePage.swift */,
			);
			path = Post;
			sourceTree = "<group>";
		};
		148459582CA86564008A2893 /* Search */ = {
			isa = PBXGroup;
			children = (
				1445B1102CA8C7B900824F74 /* SearchPage.swift */,
			);
			path = Search;
			sourceTree = "<group>";
		};
		149AF9502CA4BA70003672FF /* Managers */ = {
			isa = PBXGroup;
			children = (
				149AF9512CA4BA7A003672FF /* HttpClient.swift */,
				149AF9532CA4BAAC003672FF /* NetworkManager.swift */,
				1404BB7A2CA7A35E00B0ECBE /* KeychainManager.swift */,
			);
			path = Managers;
			sourceTree = "<group>";
		};
		14C1FACA2C6FD046001AA2A2 /* Core */ = {
			isa = PBXGroup;
			children = (
				1404BB812CA7A5B900B0ECBE /* Auth */,
				1404BB8B2CA7AEBE00B0ECBE /* Feed */,
				148459572CA8655E008A2893 /* Post */,
				148459582CA86564008A2893 /* Search */,
				1404BB8E2CA7B2DA00B0ECBE /* Profile */,
			);
			path = Core;
			sourceTree = "<group>";
		};
/* End PBXGroup section */

/* Begin PBXNativeTarget section */
		14821DC42C6F1108003D478A /* WordCatchingJournal */ = {
			isa = PBXNativeTarget;
			buildConfigurationList = 14821DD32C6F1109003D478A /* Build configuration list for PBXNativeTarget "WordCatchingJournal" */;
			buildPhases = (
				14821DC12C6F1108003D478A /* Sources */,
				14821DC22C6F1108003D478A /* Frameworks */,
				14821DC32C6F1108003D478A /* Resources */,
			);
			buildRules = (
			);
			dependencies = (
			);
			name = WordCatchingJournal;
			packageProductDependencies = (
			);
			productName = WordCatchingJournal;
			productReference = 14821DC52C6F1108003D478A /* WordCatchingJournal.app */;
			productType = "com.apple.product-type.application";
		};
/* End PBXNativeTarget section */

/* Begin PBXProject section */
		14821DBD2C6F1108003D478A /* Project object */ = {
			isa = PBXProject;
			attributes = {
				BuildIndependentTargetsInParallel = 1;
				LastSwiftUpdateCheck = 1530;
				LastUpgradeCheck = 1530;
				TargetAttributes = {
					14821DC42C6F1108003D478A = {
						CreatedOnToolsVersion = 15.3;
					};
				};
			};
			buildConfigurationList = 14821DC02C6F1108003D478A /* Build configuration list for PBXProject "WordCatchingJournal" */;
			compatibilityVersion = "Xcode 14.0";
			developmentRegion = en;
			hasScannedForEncodings = 0;
			knownRegions = (
				en,
				Base,
			);
			mainGroup = 14821DBC2C6F1108003D478A;
			packageReferences = (
			);
			productRefGroup = 14821DC62C6F1108003D478A /* Products */;
			projectDirPath = "";
			projectRoot = "";
			targets = (
				14821DC42C6F1108003D478A /* WordCatchingJournal */,
			);
		};
/* End PBXProject section */

/* Begin PBXResourcesBuildPhase section */
		14821DC32C6F1108003D478A /* Resources */ = {
			isa = PBXResourcesBuildPhase;
			buildActionMask = 2147483647;
			files = (
				14821DD02C6F1109003D478A /* Preview Assets.xcassets in Resources */,
				14821DCD2C6F1109003D478A /* Assets.xcassets in Resources */,
			);
			runOnlyForDeploymentPostprocessing = 0;
		};
/* End PBXResourcesBuildPhase section */

/* Begin PBXSourcesBuildPhase section */
		14821DC12C6F1108003D478A /* Sources */ = {
			isa = PBXSourcesBuildPhase;
			buildActionMask = 2147483647;
			files = (
				1404BB882CA7AD4400B0ECBE /* Base64Image.swift in Sources */,
				1404BB852CA7A5CC00B0ECBE /* RegisterPage.swift in Sources */,
				149AF9542CA4BAAC003672FF /* NetworkManager.swift in Sources */,
				1404BB802CA7A5A200B0ECBE /* Extensions.swift in Sources */,
				144975322CA8B9630088B038 /* ProfileLinkView.swift in Sources */,
				1404BB8D2CA7AEC800B0ECBE /* FeedPage.swift in Sources */,
				14C2FFD22CC48722000F42C3 /* PostFinalizePage.swift in Sources */,
				149AF9522CA4BA7A003672FF /* HttpClient.swift in Sources */,
				144975302CA8B0080088B038 /* PostPage.swift in Sources */,
				1404BB7B2CA7A35E00B0ECBE /* KeychainManager.swift in Sources */,
				1404BB7D2CA7A48A00B0ECBE /* Store.swift in Sources */,
				14821DC92C6F1108003D478A /* WordCatchingJournalApp.swift in Sources */,
				14AB8A7C2CC4063D00BA7123 /* EditProfilePage.swift in Sources */,
				1404BB8A2CA7AE4600B0ECBE /* ProfilePic.swift in Sources */,
				1404BB922CA7B37D00B0ECBE /* PostView.swift in Sources */,
				149AF95A2CA4BBB4003672FF /* DefinitionResponse.swift in Sources */,
				14AF78372CC466100034DC8E /* ProfileOptionsPage.swift in Sources */,
				1445B1112CA8C7B900824F74 /* SearchPage.swift in Sources */,
				149AF9582CA4BBA2003672FF /* User.swift in Sources */,
				1404BB902CA7B2E900B0ECBE /* ProfilePage.swift in Sources */,
				1404BB942CA7B51600B0ECBE /* LoadableData.swift in Sources */,
				1404BB832CA7A5C400B0ECBE /* LoginPage.swift in Sources */,
				149AF9562CA4BB9D003672FF /* Post.swift in Sources */,
			);
			runOnlyForDeploymentPostprocessing = 0;
		};
/* End PBXSourcesBuildPhase section */

/* Begin XCBuildConfiguration section */
		14821DD12C6F1109003D478A /* Debug */ = {
			isa = XCBuildConfiguration;
			buildSettings = {
				ALWAYS_SEARCH_USER_PATHS = NO;
				ASSETCATALOG_COMPILER_GENERATE_SWIFT_ASSET_SYMBOL_EXTENSIONS = YES;
				CLANG_ANALYZER_NONNULL = YES;
				CLANG_ANALYZER_NUMBER_OBJECT_CONVERSION = YES_AGGRESSIVE;
				CLANG_CXX_LANGUAGE_STANDARD = "gnu++20";
				CLANG_ENABLE_MODULES = YES;
				CLANG_ENABLE_OBJC_ARC = YES;
				CLANG_ENABLE_OBJC_WEAK = YES;
				CLANG_WARN_BLOCK_CAPTURE_AUTORELEASING = YES;
				CLANG_WARN_BOOL_CONVERSION = YES;
				CLANG_WARN_COMMA = YES;
				CLANG_WARN_CONSTANT_CONVERSION = YES;
				CLANG_WARN_DEPRECATED_OBJC_IMPLEMENTATIONS = YES;
				CLANG_WARN_DIRECT_OBJC_ISA_USAGE = YES_ERROR;
				CLANG_WARN_DOCUMENTATION_COMMENTS = YES;
				CLANG_WARN_EMPTY_BODY = YES;
				CLANG_WARN_ENUM_CONVERSION = YES;
				CLANG_WARN_INFINITE_RECURSION = YES;
				CLANG_WARN_INT_CONVERSION = YES;
				CLANG_WARN_NON_LITERAL_NULL_CONVERSION = YES;
				CLANG_WARN_OBJC_IMPLICIT_RETAIN_SELF = YES;
				CLANG_WARN_OBJC_LITERAL_CONVERSION = YES;
				CLANG_WARN_OBJC_ROOT_CLASS = YES_ERROR;
				CLANG_WARN_QUOTED_INCLUDE_IN_FRAMEWORK_HEADER = YES;
				CLANG_WARN_RANGE_LOOP_ANALYSIS = YES;
				CLANG_WARN_STRICT_PROTOTYPES = YES;
				CLANG_WARN_SUSPICIOUS_MOVE = YES;
				CLANG_WARN_UNGUARDED_AVAILABILITY = YES_AGGRESSIVE;
				CLANG_WARN_UNREACHABLE_CODE = YES;
				CLANG_WARN__DUPLICATE_METHOD_MATCH = YES;
				COPY_PHASE_STRIP = NO;
				DEBUG_INFORMATION_FORMAT = dwarf;
				ENABLE_STRICT_OBJC_MSGSEND = YES;
				ENABLE_TESTABILITY = YES;
				ENABLE_USER_SCRIPT_SANDBOXING = YES;
				GCC_C_LANGUAGE_STANDARD = gnu17;
				GCC_DYNAMIC_NO_PIC = NO;
				GCC_NO_COMMON_BLOCKS = YES;
				GCC_OPTIMIZATION_LEVEL = 0;
				GCC_PREPROCESSOR_DEFINITIONS = (
					"DEBUG=1",
					"$(inherited)",
				);
				GCC_WARN_64_TO_32_BIT_CONVERSION = YES;
				GCC_WARN_ABOUT_RETURN_TYPE = YES_ERROR;
				GCC_WARN_UNDECLARED_SELECTOR = YES;
				GCC_WARN_UNINITIALIZED_AUTOS = YES_AGGRESSIVE;
				GCC_WARN_UNUSED_FUNCTION = YES;
				GCC_WARN_UNUSED_VARIABLE = YES;
				IPHONEOS_DEPLOYMENT_TARGET = 17.4;
				LOCALIZATION_PREFERS_STRING_CATALOGS = YES;
				MTL_ENABLE_DEBUG_INFO = INCLUDE_SOURCE;
				MTL_FAST_MATH = YES;
				ONLY_ACTIVE_ARCH = YES;
				SDKROOT = iphoneos;
				SWIFT_ACTIVE_COMPILATION_CONDITIONS = "DEBUG $(inherited)";
				SWIFT_OPTIMIZATION_LEVEL = "-Onone";
			};
			name = Debug;
		};
		14821DD22C6F1109003D478A /* Release */ = {
			isa = XCBuildConfiguration;
			buildSettings = {
				ALWAYS_SEARCH_USER_PATHS = NO;
				ASSETCATALOG_COMPILER_GENERATE_SWIFT_ASSET_SYMBOL_EXTENSIONS = YES;
				CLANG_ANALYZER_NONNULL = YES;
				CLANG_ANALYZER_NUMBER_OBJECT_CONVERSION = YES_AGGRESSIVE;
				CLANG_CXX_LANGUAGE_STANDARD = "gnu++20";
				CLANG_ENABLE_MODULES = YES;
				CLANG_ENABLE_OBJC_ARC = YES;
				CLANG_ENABLE_OBJC_WEAK = YES;
				CLANG_WARN_BLOCK_CAPTURE_AUTORELEASING = YES;
				CLANG_WARN_BOOL_CONVERSION = YES;
				CLANG_WARN_COMMA = YES;
				CLANG_WARN_CONSTANT_CONVERSION = YES;
				CLANG_WARN_DEPRECATED_OBJC_IMPLEMENTATIONS = YES;
				CLANG_WARN_DIRECT_OBJC_ISA_USAGE = YES_ERROR;
				CLANG_WARN_DOCUMENTATION_COMMENTS = YES;
				CLANG_WARN_EMPTY_BODY = YES;
				CLANG_WARN_ENUM_CONVERSION = YES;
				CLANG_WARN_INFINITE_RECURSION = YES;
				CLANG_WARN_INT_CONVERSION = YES;
				CLANG_WARN_NON_LITERAL_NULL_CONVERSION = YES;
				CLANG_WARN_OBJC_IMPLICIT_RETAIN_SELF = YES;
				CLANG_WARN_OBJC_LITERAL_CONVERSION = YES;
				CLANG_WARN_OBJC_ROOT_CLASS = YES_ERROR;
				CLANG_WARN_QUOTED_INCLUDE_IN_FRAMEWORK_HEADER = YES;
				CLANG_WARN_RANGE_LOOP_ANALYSIS = YES;
				CLANG_WARN_STRICT_PROTOTYPES = YES;
				CLANG_WARN_SUSPICIOUS_MOVE = YES;
				CLANG_WARN_UNGUARDED_AVAILABILITY = YES_AGGRESSIVE;
				CLANG_WARN_UNREACHABLE_CODE = YES;
				CLANG_WARN__DUPLICATE_METHOD_MATCH = YES;
				COPY_PHASE_STRIP = NO;
				DEBUG_INFORMATION_FORMAT = "dwarf-with-dsym";
				ENABLE_NS_ASSERTIONS = NO;
				ENABLE_STRICT_OBJC_MSGSEND = YES;
				ENABLE_USER_SCRIPT_SANDBOXING = YES;
				GCC_C_LANGUAGE_STANDARD = gnu17;
				GCC_NO_COMMON_BLOCKS = YES;
				GCC_WARN_64_TO_32_BIT_CONVERSION = YES;
				GCC_WARN_ABOUT_RETURN_TYPE = YES_ERROR;
				GCC_WARN_UNDECLARED_SELECTOR = YES;
				GCC_WARN_UNINITIALIZED_AUTOS = YES_AGGRESSIVE;
				GCC_WARN_UNUSED_FUNCTION = YES;
				GCC_WARN_UNUSED_VARIABLE = YES;
				IPHONEOS_DEPLOYMENT_TARGET = 17.4;
				LOCALIZATION_PREFERS_STRING_CATALOGS = YES;
				MTL_ENABLE_DEBUG_INFO = NO;
				MTL_FAST_MATH = YES;
				SDKROOT = iphoneos;
				SWIFT_COMPILATION_MODE = wholemodule;
				VALIDATE_PRODUCT = YES;
			};
			name = Release;
		};
		14821DD42C6F1109003D478A /* Debug */ = {
			isa = XCBuildConfiguration;
			buildSettings = {
				ASSETCATALOG_COMPILER_APPICON_NAME = AppIcon;
				ASSETCATALOG_COMPILER_GLOBAL_ACCENT_COLOR_NAME = AccentColor;
				CODE_SIGN_STYLE = Automatic;
				CURRENT_PROJECT_VERSION = 1;
				DEVELOPMENT_ASSET_PATHS = "\"WordCatchingJournal/Preview Content\"";
				DEVELOPMENT_TEAM = T6D837MWJ7;
				ENABLE_PREVIEWS = YES;
				GENERATE_INFOPLIST_FILE = YES;
				INFOPLIST_KEY_LSApplicationCategoryType = "public.app-category.social-networking";
				INFOPLIST_KEY_UIApplicationSceneManifest_Generation = YES;
				INFOPLIST_KEY_UIApplicationSupportsIndirectInputEvents = YES;
				INFOPLIST_KEY_UILaunchScreen_Generation = YES;
				INFOPLIST_KEY_UISupportedInterfaceOrientations_iPad = "UIInterfaceOrientationPortrait UIInterfaceOrientationPortraitUpsideDown UIInterfaceOrientationLandscapeLeft UIInterfaceOrientationLandscapeRight";
				INFOPLIST_KEY_UISupportedInterfaceOrientations_iPhone = "UIInterfaceOrientationPortrait UIInterfaceOrientationLandscapeLeft UIInterfaceOrientationLandscapeRight";
				IPHONEOS_DEPLOYMENT_TARGET = 17.0;
				LD_RUNPATH_SEARCH_PATHS = (
					"$(inherited)",
					"@executable_path/Frameworks",
				);
				MARKETING_VERSION = 1.0;
				PRODUCT_BUNDLE_IDENTIFIER = com.mattlinder.WordCatchingJournal;
				PRODUCT_NAME = "$(TARGET_NAME)";
				SUPPORTED_PLATFORMS = "iphoneos iphonesimulator";
				SUPPORTS_MACCATALYST = NO;
				SUPPORTS_MAC_DESIGNED_FOR_IPHONE_IPAD = NO;
				SUPPORTS_XR_DESIGNED_FOR_IPHONE_IPAD = NO;
				SWIFT_EMIT_LOC_STRINGS = YES;
				SWIFT_VERSION = 5.0;
				TARGETED_DEVICE_FAMILY = "1,2";
			};
			name = Debug;
		};
		14821DD52C6F1109003D478A /* Release */ = {
			isa = XCBuildConfiguration;
			buildSettings = {
				ASSETCATALOG_COMPILER_APPICON_NAME = AppIcon;
				ASSETCATALOG_COMPILER_GLOBAL_ACCENT_COLOR_NAME = AccentColor;
				CODE_SIGN_STYLE = Automatic;
				CURRENT_PROJECT_VERSION = 1;
				DEVELOPMENT_ASSET_PATHS = "\"WordCatchingJournal/Preview Content\"";
				DEVELOPMENT_TEAM = T6D837MWJ7;
				ENABLE_PREVIEWS = YES;
				GENERATE_INFOPLIST_FILE = YES;
				INFOPLIST_KEY_LSApplicationCategoryType = "public.app-category.social-networking";
				INFOPLIST_KEY_UIApplicationSceneManifest_Generation = YES;
				INFOPLIST_KEY_UIApplicationSupportsIndirectInputEvents = YES;
				INFOPLIST_KEY_UILaunchScreen_Generation = YES;
				INFOPLIST_KEY_UISupportedInterfaceOrientations_iPad = "UIInterfaceOrientationPortrait UIInterfaceOrientationPortraitUpsideDown UIInterfaceOrientationLandscapeLeft UIInterfaceOrientationLandscapeRight";
				INFOPLIST_KEY_UISupportedInterfaceOrientations_iPhone = "UIInterfaceOrientationPortrait UIInterfaceOrientationLandscapeLeft UIInterfaceOrientationLandscapeRight";
				IPHONEOS_DEPLOYMENT_TARGET = 17.0;
				LD_RUNPATH_SEARCH_PATHS = (
					"$(inherited)",
					"@executable_path/Frameworks",
				);
				MARKETING_VERSION = 1.0;
				PRODUCT_BUNDLE_IDENTIFIER = com.mattlinder.WordCatchingJournal;
				PRODUCT_NAME = "$(TARGET_NAME)";
				SUPPORTED_PLATFORMS = "iphoneos iphonesimulator";
				SUPPORTS_MACCATALYST = NO;
				SUPPORTS_MAC_DESIGNED_FOR_IPHONE_IPAD = NO;
				SUPPORTS_XR_DESIGNED_FOR_IPHONE_IPAD = NO;
				SWIFT_EMIT_LOC_STRINGS = YES;
				SWIFT_VERSION = 5.0;
				TARGETED_DEVICE_FAMILY = "1,2";
			};
			name = Release;
		};
/* End XCBuildConfiguration section */

/* Begin XCConfigurationList section */
		14821DC02C6F1108003D478A /* Build configuration list for PBXProject "WordCatchingJournal" */ = {
			isa = XCConfigurationList;
			buildConfigurations = (
				14821DD12C6F1109003D478A /* Debug */,
				14821DD22C6F1109003D478A /* Release */,
			);
			defaultConfigurationIsVisible = 0;
			defaultConfigurationName = Release;
		};
		14821DD32C6F1109003D478A /* Build configuration list for PBXNativeTarget "WordCatchingJournal" */ = {
			isa = XCConfigurationList;
			buildConfigurations = (
				14821DD42C6F1109003D478A /* Debug */,
				14821DD52C6F1109003D478A /* Release */,
			);
			defaultConfigurationIsVisible = 0;
			defaultConfigurationName = Release;
		};
/* End XCConfigurationList section */
	};
	rootObject = 14821DBD2C6F1108003D478A /* Project object */;
}
